
Microsoft Visual Studio Solution File, Format Version 12.00
# Visual Studio 14
VisualStudioVersion = 14.0.23107.0
MinimumVisualStudioVersion = 10.0.40219.1
Project("{FAE04EC0-301F-11D3-BF4B-00C04F79EFBC}") = "SoftwareModeler", "SoftwareModeler\SoftwareModeler.csproj", "{CE5F1930-8D60-4293-8824-E2DB7863C838}"
EndProject
Project("{FAE04EC0-301F-11D3-BF4B-00C04F79EFBC}") = "SoftwareModeler.Model", "SoftwareModeler.Model\SoftwareModeler.Model.csproj", "{5EDE6715-BB5C-4DBC-83A2-EA3742DBD50D}"
EndProject
Project("{FAE04EC0-301F-11D3-BF4B-00C04F79EFBC}") = "TestApp", "TestApp\TestApp.csproj", "{29248C6B-8093-4331-8042-C5BCF35276FC}"
EndProject
Project("{FAE04EC0-301F-11D3-BF4B-00C04F79EFBC}") = "SoftwareModelerTest", "SoftwareModelerTest\SoftwareModelerTest.csproj", "{9021847E-0023-448F-A201-4AD0DF6A893F}"
EndProject
Global
	GlobalSection(SolutionConfigurationPlatforms) = preSolution
		Debug|Any CPU = Debug|Any CPU
		Release|Any CPU = Release|Any CPU
	EndGlobalSection
	GlobalSection(ProjectConfigurationPlatforms) = postSolution
		{CE5F1930-8D60-4293-8824-E2DB7863C838}.Debug|Any CPU.ActiveCfg = Debug|Any CPU
		{CE5F1930-8D60-4293-8824-E2DB7863C838}.Debug|Any CPU.Build.0 = Debug|Any CPU
		{CE5F1930-8D60-4293-8824-E2DB7863C838}.Release|Any CPU.ActiveCfg = Release|Any CPU
		{CE5F1930-8D60-4293-8824-E2DB7863C838}.Release|Any CPU.Build.0 = Release|Any CPU
		{5EDE6715-BB5C-4DBC-83A2-EA3742DBD50D}.Debug|Any CPU.ActiveCfg = Debug|Any CPU
		{5EDE6715-BB5C-4DBC-83A2-EA3742DBD50D}.Debug|Any CPU.Build.0 = Debug|Any CPU
		{5EDE6715-BB5C-4DBC-83A2-EA3742DBD50D}.Release|Any CPU.ActiveCfg = Release|Any CPU
		{5EDE6715-BB5C-4DBC-83A2-EA3742DBD50D}.Release|Any CPU.Build.0 = Release|Any CPU
		{29248C6B-8093-4331-8042-C5BCF35276FC}.Debug|Any CPU.ActiveCfg = Debug|Any CPU
		{29248C6B-8093-4331-8042-C5BCF35276FC}.Debug|Any CPU.Build.0 = Debug|Any CPU
		{29248C6B-8093-4331-8042-C5BCF35276FC}.Release|Any CPU.ActiveCfg = Release|Any CPU
		{29248C6B-8093-4331-8042-C5BCF35276FC}.Release|Any CPU.Build.0 = Release|Any CPU
		{9021847E-0023-448F-A201-4AD0DF6A893F}.Debug|Any CPU.ActiveCfg = Debug|Any CPU
		{9021847E-0023-448F-A201-4AD0DF6A893F}.Debug|Any CPU.Build.0 = Debug|Any CPU
		{9021847E-0023-448F-A201-4AD0DF6A893F}.Release|Any CPU.ActiveCfg = Release|Any CPU
		{9021847E-0023-448F-A201-4AD0DF6A893F}.Release|Any CPU.Build.0 = Release|Any CPU
	EndGlobalSection
	GlobalSection(SolutionProperties) = preSolution
		HideSolutionNode = FALSE
	EndGlobalSection
EndGlobal
